// !$*UTF8*$!
{
	archiveVersion = 1;
	classes = {
	};
	objectVersion = 52;
	objects = {

/* Begin PBXBuildFile section */
		AD0F422B2742A4EB0078E088 /* FirebaseAuth in Frameworks */ = {isa = PBXBuildFile; productRef = AD0F422A2742A4EB0078E088 /* FirebaseAuth */; };
		AD0F422D2742A4EB0078E088 /* FirebaseDatabase in Frameworks */ = {isa = PBXBuildFile; productRef = AD0F422C2742A4EB0078E088 /* FirebaseDatabase */; };
		AD0F422F2742A5AB0078E088 /* FirebaseUser.swift in Sources */ = {isa = PBXBuildFile; fileRef = AD0F422E2742A5AB0078E088 /* FirebaseUser.swift */; };
		AD120E1E26F36FF4000BE9E1 /* FriendsViewController.swift in Sources */ = {isa = PBXBuildFile; fileRef = AD120E1D26F36FF4000BE9E1 /* FriendsViewController.swift */; };
		AD120E2026F37034000BE9E1 /* FriendsList.storyboard in Resources */ = {isa = PBXBuildFile; fileRef = AD120E1F26F37034000BE9E1 /* FriendsList.storyboard */; };
		AD120E2426F37180000BE9E1 /* BasicTableViewCell.swift in Sources */ = {isa = PBXBuildFile; fileRef = AD120E2226F37180000BE9E1 /* BasicTableViewCell.swift */; };
		AD120E2526F37180000BE9E1 /* BasicTableViewCell.xib in Resources */ = {isa = PBXBuildFile; fileRef = AD120E2326F37180000BE9E1 /* BasicTableViewCell.xib */; };
		AD21E39A27269FFD00D6EB69 /* PhotoAPI.swift in Sources */ = {isa = PBXBuildFile; fileRef = AD21E39927269FFD00D6EB69 /* PhotoAPI.swift */; };
		AD21E39C2726A08500D6EB69 /* GroupAPI.swift in Sources */ = {isa = PBXBuildFile; fileRef = AD21E39B2726A08500D6EB69 /* GroupAPI.swift */; };
		AD22EE432770CA56000F5803 /* PromiseKit in Frameworks */ = {isa = PBXBuildFile; productRef = AD22EE422770CA56000F5803 /* PromiseKit */; };
		AD22EE452770CE1E000F5803 /* GroupsDB.swift in Sources */ = {isa = PBXBuildFile; fileRef = AD22EE442770CE1E000F5803 /* GroupsDB.swift */; };
		AD31F0A2275D2E68001F397D /* ParseData.swift in Sources */ = {isa = PBXBuildFile; fileRef = AD31F0A1275D2E68001F397D /* ParseData.swift */; };
		AD31F0A4275D2EE4001F397D /* PresentSwift.swift in Sources */ = {isa = PBXBuildFile; fileRef = AD31F0A3275D2EE4001F397D /* PresentSwift.swift */; };
		AD31F0A6275D2F80001F397D /* getDataFromURL.swift in Sources */ = {isa = PBXBuildFile; fileRef = AD31F0A5275D2F80001F397D /* getDataFromURL.swift */; };
		AD3F7CC2273933D6001CCF4F /* FriendsDB.swift in Sources */ = {isa = PBXBuildFile; fileRef = AD3F7CC1273933D6001CCF4F /* FriendsDB.swift */; };
		AD586C78272C09F800B9F9CC /* Realm in Frameworks */ = {isa = PBXBuildFile; productRef = AD586C77272C09F800B9F9CC /* Realm */; };
		AD586C7A272C09F800B9F9CC /* RealmSwift in Frameworks */ = {isa = PBXBuildFile; productRef = AD586C79272C09F800B9F9CC /* RealmSwift */; };
		AD586C7C272C129D00B9F9CC /* Photo.swift in Sources */ = {isa = PBXBuildFile; fileRef = AD586C7B272C129D00B9F9CC /* Photo.swift */; };
		AD7C8F8626EF55380067D012 /* AppDelegate.swift in Sources */ = {isa = PBXBuildFile; fileRef = AD7C8F8526EF55380067D012 /* AppDelegate.swift */; };
		AD7C8F8826EF55380067D012 /* SceneDelegate.swift in Sources */ = {isa = PBXBuildFile; fileRef = AD7C8F8726EF55380067D012 /* SceneDelegate.swift */; };
		AD7C8F8D26EF55380067D012 /* Main.storyboard in Resources */ = {isa = PBXBuildFile; fileRef = AD7C8F8B26EF55380067D012 /* Main.storyboard */; };
		AD7C8F8F26EF553B0067D012 /* Assets.xcassets in Resources */ = {isa = PBXBuildFile; fileRef = AD7C8F8E26EF553B0067D012 /* Assets.xcassets */; };
		AD7C8F9226EF553B0067D012 /* LaunchScreen.storyboard in Resources */ = {isa = PBXBuildFile; fileRef = AD7C8F9026EF553B0067D012 /* LaunchScreen.storyboard */; };
		AD7C8FA826EF72320067D012 /* R.swift in Sources */ = {isa = PBXBuildFile; fileRef = AD7C8FA726EF72320067D012 /* R.swift */; };
		AD7C8FAE26EF75BD0067D012 /* DebugViewController.swift in Sources */ = {isa = PBXBuildFile; fileRef = AD7C8FAD26EF75BD0067D012 /* DebugViewController.swift */; };
		AD7C8FB026EF76E20067D012 /* DebugMenu.storyboard in Resources */ = {isa = PBXBuildFile; fileRef = AD7C8FAF26EF76E20067D012 /* DebugMenu.storyboard */; };
		AD8DCCAC2725B3A600431435 /* Alamofire in Frameworks */ = {isa = PBXBuildFile; productRef = AD8DCCAB2725B3A600431435 /* Alamofire */; };
		AD8DCCB22725B45600431435 /* AuthViewController.swift in Sources */ = {isa = PBXBuildFile; fileRef = AD8DCCB12725B45600431435 /* AuthViewController.swift */; };
		AD8DCCB42725C63700431435 /* Session.swift in Sources */ = {isa = PBXBuildFile; fileRef = AD8DCCB32725C63600431435 /* Session.swift */; };
		AD8DCCB82725CA3400431435 /* FriendsAPI.swift in Sources */ = {isa = PBXBuildFile; fileRef = AD8DCCB72725CA3400431435 /* FriendsAPI.swift */; };
		ADA60969271DBCA500F23066 /* Account.swift in Sources */ = {isa = PBXBuildFile; fileRef = ADA60968271DBCA500F23066 /* Account.swift */; };
		ADB293E227467E1500759663 /* NewsAPI.swift in Sources */ = {isa = PBXBuildFile; fileRef = ADB293E127467E1500759663 /* NewsAPI.swift */; };
		ADB293E42746B0BA00759663 /* New.swift in Sources */ = {isa = PBXBuildFile; fileRef = ADB293E32746B0BA00759663 /* New.swift */; };
		ADB293E72746B45300759663 /* SwiftyJSON in Frameworks */ = {isa = PBXBuildFile; productRef = ADB293E62746B45300759663 /* SwiftyJSON */; };
		ADBD7448272AACAB00E15D24 /* Data+PrettyJSON.swift in Sources */ = {isa = PBXBuildFile; fileRef = ADBD7447272AACAB00E15D24 /* Data+PrettyJSON.swift */; };
		ADBD744C272AB46700E15D24 /* Friend.swift in Sources */ = {isa = PBXBuildFile; fileRef = ADBD744B272AB46700E15D24 /* Friend.swift */; };
		ADBD7453272AC49E00E15D24 /* GroupTableViewController..swift in Sources */ = {isa = PBXBuildFile; fileRef = ADBD7452272AC49E00E15D24 /* GroupTableViewController..swift */; };
		ADBD7456272AC4D300E15D24 /* Group.swift in Sources */ = {isa = PBXBuildFile; fileRef = ADBD7455272AC4D300E15D24 /* Group.swift */; };
		ADC4E84A275250FD00659E10 /* NewTextTableViewCell.swift in Sources */ = {isa = PBXBuildFile; fileRef = ADC4E848275250FC00659E10 /* NewTextTableViewCell.swift */; };
		ADDFBDC426FF724A00EDC48D /* News.storyboard in Resources */ = {isa = PBXBuildFile; fileRef = ADDFBDC326FF724A00EDC48D /* News.storyboard */; };
		ADDFBDC626FF725900EDC48D /* NewsController.swift in Sources */ = {isa = PBXBuildFile; fileRef = ADDFBDC526FF725900EDC48D /* NewsController.swift */; };
		ADDFBDCB26FF73BC00EDC48D /* NewsTableViewCell.xib in Resources */ = {isa = PBXBuildFile; fileRef = ADDFBDC926FF73BC00EDC48D /* NewsTableViewCell.xib */; };
		ADEE8FF92795AC1F006896D6 /* VKAdapter.swift in Sources */ = {isa = PBXBuildFile; fileRef = ADEE8FF82795AC1F006896D6 /* VKAdapter.swift */; };
		ADEEA6882722B2F000DC134F /* Profile.storyboard in Resources */ = {isa = PBXBuildFile; fileRef = ADEEA6872722B2F000DC134F /* Profile.storyboard */; };
		ADEEA68B2722B31A00DC134F /* ProfileController.swift in Sources */ = {isa = PBXBuildFile; fileRef = ADEEA68A2722B31A00DC134F /* ProfileController.swift */; };
/* End PBXBuildFile section */

/* Begin PBXFileReference section */
		AD0F422E2742A5AB0078E088 /* FirebaseUser.swift */ = {isa = PBXFileReference; lastKnownFileType = sourcecode.swift; path = FirebaseUser.swift; sourceTree = "<group>"; };
		AD120E1D26F36FF4000BE9E1 /* FriendsViewController.swift */ = {isa = PBXFileReference; lastKnownFileType = sourcecode.swift; path = FriendsViewController.swift; sourceTree = "<group>"; };
		AD120E1F26F37034000BE9E1 /* FriendsList.storyboard */ = {isa = PBXFileReference; lastKnownFileType = file.storyboard; path = FriendsList.storyboard; sourceTree = "<group>"; };
		AD120E2226F37180000BE9E1 /* BasicTableViewCell.swift */ = {isa = PBXFileReference; lastKnownFileType = sourcecode.swift; path = BasicTableViewCell.swift; sourceTree = "<group>"; };
		AD120E2326F37180000BE9E1 /* BasicTableViewCell.xib */ = {isa = PBXFileReference; lastKnownFileType = file.xib; path = BasicTableViewCell.xib; sourceTree = "<group>"; };
		AD21E39927269FFD00D6EB69 /* PhotoAPI.swift */ = {isa = PBXFileReference; lastKnownFileType = sourcecode.swift; path = PhotoAPI.swift; sourceTree = "<group>"; };
		AD21E39B2726A08500D6EB69 /* GroupAPI.swift */ = {isa = PBXFileReference; lastKnownFileType = sourcecode.swift; path = GroupAPI.swift; sourceTree = "<group>"; };
		AD22EE442770CE1E000F5803 /* GroupsDB.swift */ = {isa = PBXFileReference; lastKnownFileType = sourcecode.swift; path = GroupsDB.swift; sourceTree = "<group>"; };
		AD31F0A1275D2E68001F397D /* ParseData.swift */ = {isa = PBXFileReference; lastKnownFileType = sourcecode.swift; path = ParseData.swift; sourceTree = "<group>"; };
		AD31F0A3275D2EE4001F397D /* PresentSwift.swift */ = {isa = PBXFileReference; lastKnownFileType = sourcecode.swift; path = PresentSwift.swift; sourceTree = "<group>"; };
		AD31F0A5275D2F80001F397D /* getDataFromURL.swift */ = {isa = PBXFileReference; lastKnownFileType = sourcecode.swift; path = getDataFromURL.swift; sourceTree = "<group>"; };
		AD3F7CC1273933D6001CCF4F /* FriendsDB.swift */ = {isa = PBXFileReference; lastKnownFileType = sourcecode.swift; path = FriendsDB.swift; sourceTree = "<group>"; };
		AD586C7B272C129D00B9F9CC /* Photo.swift */ = {isa = PBXFileReference; lastKnownFileType = sourcecode.swift; path = Photo.swift; sourceTree = "<group>"; };
		AD7C8F8226EF55380067D012 /* 2l_SidorenkovaLiza.app */ = {isa = PBXFileReference; explicitFileType = wrapper.application; includeInIndex = 0; path = 2l_SidorenkovaLiza.app; sourceTree = BUILT_PRODUCTS_DIR; };
		AD7C8F8526EF55380067D012 /* AppDelegate.swift */ = {isa = PBXFileReference; lastKnownFileType = sourcecode.swift; path = AppDelegate.swift; sourceTree = "<group>"; };
		AD7C8F8726EF55380067D012 /* SceneDelegate.swift */ = {isa = PBXFileReference; lastKnownFileType = sourcecode.swift; path = SceneDelegate.swift; sourceTree = "<group>"; };
		AD7C8F8C26EF55380067D012 /* Base */ = {isa = PBXFileReference; lastKnownFileType = file.storyboard; name = Base; path = Base.lproj/Main.storyboard; sourceTree = "<group>"; };
		AD7C8F8E26EF553B0067D012 /* Assets.xcassets */ = {isa = PBXFileReference; lastKnownFileType = folder.assetcatalog; path = Assets.xcassets; sourceTree = "<group>"; };
		AD7C8F9126EF553B0067D012 /* Base */ = {isa = PBXFileReference; lastKnownFileType = file.storyboard; name = Base; path = Base.lproj/LaunchScreen.storyboard; sourceTree = "<group>"; };
		AD7C8F9326EF553B0067D012 /* Info.plist */ = {isa = PBXFileReference; lastKnownFileType = text.plist.xml; path = Info.plist; sourceTree = "<group>"; };
		AD7C8FA726EF72320067D012 /* R.swift */ = {isa = PBXFileReference; lastKnownFileType = sourcecode.swift; path = R.swift; sourceTree = "<group>"; };
		AD7C8FAD26EF75BD0067D012 /* DebugViewController.swift */ = {isa = PBXFileReference; lastKnownFileType = sourcecode.swift; path = DebugViewController.swift; sourceTree = "<group>"; };
		AD7C8FAF26EF76E20067D012 /* DebugMenu.storyboard */ = {isa = PBXFileReference; lastKnownFileType = file.storyboard; path = DebugMenu.storyboard; sourceTree = "<group>"; };
		AD8DCCB12725B45600431435 /* AuthViewController.swift */ = {isa = PBXFileReference; lastKnownFileType = sourcecode.swift; path = AuthViewController.swift; sourceTree = "<group>"; };
		AD8DCCB32725C63600431435 /* Session.swift */ = {isa = PBXFileReference; lastKnownFileType = sourcecode.swift; path = Session.swift; sourceTree = "<group>"; };
		AD8DCCB72725CA3400431435 /* FriendsAPI.swift */ = {isa = PBXFileReference; lastKnownFileType = sourcecode.swift; path = FriendsAPI.swift; sourceTree = "<group>"; };
		ADA60968271DBCA500F23066 /* Account.swift */ = {isa = PBXFileReference; lastKnownFileType = sourcecode.swift; path = Account.swift; sourceTree = "<group>"; };
		ADB293E127467E1500759663 /* NewsAPI.swift */ = {isa = PBXFileReference; lastKnownFileType = sourcecode.swift; path = NewsAPI.swift; sourceTree = "<group>"; };
		ADB293E32746B0BA00759663 /* New.swift */ = {isa = PBXFileReference; lastKnownFileType = sourcecode.swift; path = New.swift; sourceTree = "<group>"; };
		ADBD7447272AACAB00E15D24 /* Data+PrettyJSON.swift */ = {isa = PBXFileReference; lastKnownFileType = sourcecode.swift; path = "Data+PrettyJSON.swift"; sourceTree = "<group>"; };
		ADBD744B272AB46700E15D24 /* Friend.swift */ = {isa = PBXFileReference; lastKnownFileType = sourcecode.swift; path = Friend.swift; sourceTree = "<group>"; };
		ADBD7452272AC49E00E15D24 /* GroupTableViewController..swift */ = {isa = PBXFileReference; lastKnownFileType = sourcecode.swift; path = GroupTableViewController..swift; sourceTree = "<group>"; };
		ADBD7455272AC4D300E15D24 /* Group.swift */ = {isa = PBXFileReference; lastKnownFileType = sourcecode.swift; path = Group.swift; sourceTree = "<group>"; };
		ADC4E848275250FC00659E10 /* NewTextTableViewCell.swift */ = {isa = PBXFileReference; lastKnownFileType = sourcecode.swift; path = NewTextTableViewCell.swift; sourceTree = "<group>"; };
		ADDFBDC326FF724A00EDC48D /* News.storyboard */ = {isa = PBXFileReference; lastKnownFileType = file.storyboard; path = News.storyboard; sourceTree = "<group>"; };
		ADDFBDC526FF725900EDC48D /* NewsController.swift */ = {isa = PBXFileReference; lastKnownFileType = sourcecode.swift; path = NewsController.swift; sourceTree = "<group>"; };
		ADDFBDC926FF73BC00EDC48D /* NewsTableViewCell.xib */ = {isa = PBXFileReference; lastKnownFileType = file.xib; path = NewsTableViewCell.xib; sourceTree = "<group>"; };
		ADEE8FF82795AC1F006896D6 /* VKAdapter.swift */ = {isa = PBXFileReference; lastKnownFileType = sourcecode.swift; path = VKAdapter.swift; sourceTree = "<group>"; };
		ADEEA6872722B2F000DC134F /* Profile.storyboard */ = {isa = PBXFileReference; lastKnownFileType = file.storyboard; path = Profile.storyboard; sourceTree = "<group>"; };
		ADEEA68A2722B31A00DC134F /* ProfileController.swift */ = {isa = PBXFileReference; lastKnownFileType = sourcecode.swift; path = ProfileController.swift; sourceTree = "<group>"; };
/* End PBXFileReference section */

/* Begin PBXFrameworksBuildPhase section */
		AD7C8F7F26EF55380067D012 /* Frameworks */ = {
			isa = PBXFrameworksBuildPhase;
			buildActionMask = 2147483647;
			files = (
				ADB293E72746B45300759663 /* SwiftyJSON in Frameworks */,
				AD0F422D2742A4EB0078E088 /* FirebaseDatabase in Frameworks */,
				AD586C7A272C09F800B9F9CC /* RealmSwift in Frameworks */,
				AD586C78272C09F800B9F9CC /* Realm in Frameworks */,
				AD8DCCAC2725B3A600431435 /* Alamofire in Frameworks */,
				AD22EE432770CA56000F5803 /* PromiseKit in Frameworks */,
				AD0F422B2742A4EB0078E088 /* FirebaseAuth in Frameworks */,
			);
			runOnlyForDeploymentPostprocessing = 0;
		};
/* End PBXFrameworksBuildPhase section */

/* Begin PBXGroup section */
		AD120E2126F3712F000BE9E1 /* Basic */ = {
			isa = PBXGroup;
			children = (
				AD120E2226F37180000BE9E1 /* BasicTableViewCell.swift */,
				AD120E2326F37180000BE9E1 /* BasicTableViewCell.xib */,
			);
			path = Basic;
			sourceTree = "<group>";
		};
		AD31F0A0275D2C0F001F397D /* Operation */ = {
			isa = PBXGroup;
			children = (
				AD31F0A1275D2E68001F397D /* ParseData.swift */,
				AD31F0A3275D2EE4001F397D /* PresentSwift.swift */,
				AD31F0A5275D2F80001F397D /* getDataFromURL.swift */,
			);
			path = Operation;
			sourceTree = "<group>";
		};
		AD7C8F7926EF55380067D012 = {
			isa = PBXGroup;
			children = (
				AD7C8F8426EF55380067D012 /* 2l_SidorenkovaLiza */,
				AD7C8F8326EF55380067D012 /* Products */,
			);
			sourceTree = "<group>";
		};
		AD7C8F8326EF55380067D012 /* Products */ = {
			isa = PBXGroup;
			children = (
				AD7C8F8226EF55380067D012 /* 2l_SidorenkovaLiza.app */,
			);
			name = Products;
			sourceTree = "<group>";
		};
		AD7C8F8426EF55380067D012 /* 2l_SidorenkovaLiza */ = {
			isa = PBXGroup;
			children = (
				AD8DCCAE2725B3D300431435 /* vk-api */,
				AD7C8F8E26EF553B0067D012 /* Assets.xcassets */,
				AD7C8F9326EF553B0067D012 /* Info.plist */,
			);
			path = 2l_SidorenkovaLiza;
			sourceTree = "<group>";
		};
		AD8DCCAE2725B3D300431435 /* vk-api */ = {
			isa = PBXGroup;
			children = (
				AD8DCCB52725C9FE00431435 /* Modules */,
				ADBD7445272AA30B00E15D24 /* API */,
				ADBD7451272AC46200E15D24 /* Groups */,
				ADBD744D272AB4CE00E15D24 /* Friends */,
				ADDFBDC026FF70AE00EDC48D /* Debug */,
				ADBD7446272AAC8A00E15D24 /* Helper */,
				AD8DCCB62725CA0D00431435 /* Services */,
				ADBD7450272AC3F800E15D24 /* Others */,
			);
			path = "vk-api";
			sourceTree = "<group>";
		};
		AD8DCCB52725C9FE00431435 /* Modules */ = {
			isa = PBXGroup;
			children = (
				AD8DCCB12725B45600431435 /* AuthViewController.swift */,
				AD7C8F8B26EF55380067D012 /* Main.storyboard */,
			);
			path = Modules;
			sourceTree = "<group>";
		};
		AD8DCCB62725CA0D00431435 /* Services */ = {
			isa = PBXGroup;
			children = (
				AD3F7CC1273933D6001CCF4F /* FriendsDB.swift */,
				AD7C8FA726EF72320067D012 /* R.swift */,
				AD22EE442770CE1E000F5803 /* GroupsDB.swift */,
				ADA60968271DBCA500F23066 /* Account.swift */,
				AD8DCCB32725C63600431435 /* Session.swift */,
				ADEE8FF82795AC1F006896D6 /* VKAdapter.swift */,
			);
			path = Services;
			sourceTree = "<group>";
		};
		ADBD7445272AA30B00E15D24 /* API */ = {
			isa = PBXGroup;
			children = (
				AD8DCCB72725CA3400431435 /* FriendsAPI.swift */,
				ADB293E127467E1500759663 /* NewsAPI.swift */,
				AD21E39927269FFD00D6EB69 /* PhotoAPI.swift */,
				AD21E39B2726A08500D6EB69 /* GroupAPI.swift */,
			);
			path = API;
			sourceTree = "<group>";
		};
		ADBD7446272AAC8A00E15D24 /* Helper */ = {
			isa = PBXGroup;
			children = (
				ADBD7447272AACAB00E15D24 /* Data+PrettyJSON.swift */,
			);
			path = Helper;
			sourceTree = "<group>";
		};
		ADBD7449272AB41000E15D24 /* Models */ = {
			isa = PBXGroup;
			children = (
				ADBD744B272AB46700E15D24 /* Friend.swift */,
				AD586C7B272C129D00B9F9CC /* Photo.swift */,
				ADB293E32746B0BA00759663 /* New.swift */,
				ADBD7455272AC4D300E15D24 /* Group.swift */,
			);
			path = Models;
			sourceTree = "<group>";
		};
		ADBD744D272AB4CE00E15D24 /* Friends */ = {
			isa = PBXGroup;
			children = (
				AD31F0A0275D2C0F001F397D /* Operation */,
				ADBD7449272AB41000E15D24 /* Models */,
			);
			path = Friends;
			sourceTree = "<group>";
		};
		ADBD7450272AC3F800E15D24 /* Others */ = {
			isa = PBXGroup;
			children = (
				AD7C8F8726EF55380067D012 /* SceneDelegate.swift */,
				AD7C8F8526EF55380067D012 /* AppDelegate.swift */,
				AD7C8F9026EF553B0067D012 /* LaunchScreen.storyboard */,
			);
			path = Others;
			sourceTree = "<group>";
		};
		ADBD7451272AC46200E15D24 /* Groups */ = {
			isa = PBXGroup;
			children = (
				ADBD7452272AC49E00E15D24 /* GroupTableViewController..swift */,
				AD0F422E2742A5AB0078E088 /* FirebaseUser.swift */,
			);
			path = Groups;
			sourceTree = "<group>";
		};
		ADDFBDBF26FF70A200EDC48D /* Friends */ = {
			isa = PBXGroup;
			children = (
				AD120E1F26F37034000BE9E1 /* FriendsList.storyboard */,
				AD120E1D26F36FF4000BE9E1 /* FriendsViewController.swift */,
				AD120E2126F3712F000BE9E1 /* Basic */,
			);
			path = Friends;
			sourceTree = "<group>";
		};
		ADDFBDC026FF70AE00EDC48D /* Debug */ = {
			isa = PBXGroup;
			children = (
				AD7C8FAD26EF75BD0067D012 /* DebugViewController.swift */,
				AD7C8FAF26EF76E20067D012 /* DebugMenu.storyboard */,
				ADEEA6892722B2F500DC134F /* MyProfile */,
				ADDFBDC226FF722600EDC48D /* News */,
				ADDFBDBF26FF70A200EDC48D /* Friends */,
			);
			path = Debug;
			sourceTree = "<group>";
		};
		ADDFBDC226FF722600EDC48D /* News */ = {
			isa = PBXGroup;
			children = (
				ADDFBDC726FF73A100EDC48D /* NewsBasic */,
				ADDFBDC526FF725900EDC48D /* NewsController.swift */,
				ADDFBDC326FF724A00EDC48D /* News.storyboard */,
			);
			path = News;
			sourceTree = "<group>";
		};
		ADDFBDC726FF73A100EDC48D /* NewsBasic */ = {
			isa = PBXGroup;
			children = (
				ADDFBDC926FF73BC00EDC48D /* NewsTableViewCell.xib */,
				ADC4E848275250FC00659E10 /* NewTextTableViewCell.swift */,
			);
			path = NewsBasic;
			sourceTree = "<group>";
		};
		ADEEA6892722B2F500DC134F /* MyProfile */ = {
			isa = PBXGroup;
			children = (
				ADEEA6872722B2F000DC134F /* Profile.storyboard */,
				ADEEA68A2722B31A00DC134F /* ProfileController.swift */,
			);
			path = MyProfile;
			sourceTree = "<group>";
		};
/* End PBXGroup section */

/* Begin PBXNativeTarget section */
		AD7C8F8126EF55380067D012 /* 2l_SidorenkovaLiza */ = {
			isa = PBXNativeTarget;
			buildConfigurationList = AD7C8F9626EF553B0067D012 /* Build configuration list for PBXNativeTarget "2l_SidorenkovaLiza" */;
			buildPhases = (
				AD7C8F7E26EF55380067D012 /* Sources */,
				AD7C8F7F26EF55380067D012 /* Frameworks */,
				AD7C8F8026EF55380067D012 /* Resources */,
			);
			buildRules = (
			);
			dependencies = (
			);
			name = 2l_SidorenkovaLiza;
			packageProductDependencies = (
				AD8DCCAB2725B3A600431435 /* Alamofire */,
				AD586C77272C09F800B9F9CC /* Realm */,
				AD586C79272C09F800B9F9CC /* RealmSwift */,
				AD0F422A2742A4EB0078E088 /* FirebaseAuth */,
				AD0F422C2742A4EB0078E088 /* FirebaseDatabase */,
				ADB293E62746B45300759663 /* SwiftyJSON */,
				AD22EE422770CA56000F5803 /* PromiseKit */,
			);
			productName = 2l_SidorenkovaLiza;
			productReference = AD7C8F8226EF55380067D012 /* 2l_SidorenkovaLiza.app */;
			productType = "com.apple.product-type.application";
		};
/* End PBXNativeTarget section */

/* Begin PBXProject section */
		AD7C8F7A26EF55380067D012 /* Project object */ = {
			isa = PBXProject;
			attributes = {
				LastSwiftUpdateCheck = 1250;
				LastUpgradeCheck = 1250;
				TargetAttributes = {
					AD7C8F8126EF55380067D012 = {
						CreatedOnToolsVersion = 12.5.1;
					};
				};
			};
			buildConfigurationList = AD7C8F7D26EF55380067D012 /* Build configuration list for PBXProject "2l_SidorenkovaLiza" */;
			compatibilityVersion = "Xcode 9.3";
			developmentRegion = en;
			hasScannedForEncodings = 0;
			knownRegions = (
				en,
				Base,
			);
			mainGroup = AD7C8F7926EF55380067D012;
			packageReferences = (
				AD8DCCAA2725B3A600431435 /* XCRemoteSwiftPackageReference "Alamofire" */,
				AD586C76272C09F800B9F9CC /* XCRemoteSwiftPackageReference "realm-cocoa" */,
				AD0F42292742A4EB0078E088 /* XCRemoteSwiftPackageReference "firebase-ios-sdk" */,
				ADB293E52746B45300759663 /* XCRemoteSwiftPackageReference "SwiftyJSON" */,
				AD22EE412770CA56000F5803 /* XCRemoteSwiftPackageReference "PromiseKit" */,
			);
			productRefGroup = AD7C8F8326EF55380067D012 /* Products */;
			projectDirPath = "";
			projectRoot = "";
			targets = (
				AD7C8F8126EF55380067D012 /* 2l_SidorenkovaLiza */,
			);
		};
/* End PBXProject section */

/* Begin PBXResourcesBuildPhase section */
		AD7C8F8026EF55380067D012 /* Resources */ = {
			isa = PBXResourcesBuildPhase;
			buildActionMask = 2147483647;
			files = (
				AD120E2526F37180000BE9E1 /* BasicTableViewCell.xib in Resources */,
				AD7C8F9226EF553B0067D012 /* LaunchScreen.storyboard in Resources */,
				AD7C8F8F26EF553B0067D012 /* Assets.xcassets in Resources */,
				AD7C8F8D26EF55380067D012 /* Main.storyboard in Resources */,
				ADDFBDC426FF724A00EDC48D /* News.storyboard in Resources */,
				AD120E2026F37034000BE9E1 /* FriendsList.storyboard in Resources */,
				ADEEA6882722B2F000DC134F /* Profile.storyboard in Resources */,
				ADDFBDCB26FF73BC00EDC48D /* NewsTableViewCell.xib in Resources */,
				AD7C8FB026EF76E20067D012 /* DebugMenu.storyboard in Resources */,
			);
			runOnlyForDeploymentPostprocessing = 0;
		};
/* End PBXResourcesBuildPhase section */

/* Begin PBXSourcesBuildPhase section */
		AD7C8F7E26EF55380067D012 /* Sources */ = {
			isa = PBXSourcesBuildPhase;
			buildActionMask = 2147483647;
			files = (
				ADBD7456272AC4D300E15D24 /* Group.swift in Sources */,
				ADDFBDC626FF725900EDC48D /* NewsController.swift in Sources */,
				AD31F0A2275D2E68001F397D /* ParseData.swift in Sources */,
				AD8DCCB82725CA3400431435 /* FriendsAPI.swift in Sources */,
				ADBD7453272AC49E00E15D24 /* GroupTableViewController..swift in Sources */,
				AD0F422F2742A5AB0078E088 /* FirebaseUser.swift in Sources */,
				AD7C8F8626EF55380067D012 /* AppDelegate.swift in Sources */,
				ADC4E84A275250FD00659E10 /* NewTextTableViewCell.swift in Sources */,
				AD7C8FA826EF72320067D012 /* R.swift in Sources */,
				AD21E39C2726A08500D6EB69 /* GroupAPI.swift in Sources */,
				ADEE8FF92795AC1F006896D6 /* VKAdapter.swift in Sources */,
				AD31F0A4275D2EE4001F397D /* PresentSwift.swift in Sources */,
				AD8DCCB22725B45600431435 /* AuthViewController.swift in Sources */,
				AD3F7CC2273933D6001CCF4F /* FriendsDB.swift in Sources */,
				AD7C8F8826EF55380067D012 /* SceneDelegate.swift in Sources */,
				AD31F0A6275D2F80001F397D /* getDataFromURL.swift in Sources */,
				ADA60969271DBCA500F23066 /* Account.swift in Sources */,
				AD8DCCB42725C63700431435 /* Session.swift in Sources */,
				AD120E1E26F36FF4000BE9E1 /* FriendsViewController.swift in Sources */,
				ADEEA68B2722B31A00DC134F /* ProfileController.swift in Sources */,
				ADB293E42746B0BA00759663 /* New.swift in Sources */,
				AD7C8FAE26EF75BD0067D012 /* DebugViewController.swift in Sources */,
				ADBD744C272AB46700E15D24 /* Friend.swift in Sources */,
				AD120E2426F37180000BE9E1 /* BasicTableViewCell.swift in Sources */,
				AD21E39A27269FFD00D6EB69 /* PhotoAPI.swift in Sources */,
				AD586C7C272C129D00B9F9CC /* Photo.swift in Sources */,
				ADBD7448272AACAB00E15D24 /* Data+PrettyJSON.swift in Sources */,
				AD22EE452770CE1E000F5803 /* GroupsDB.swift in Sources */,
				ADB293E227467E1500759663 /* NewsAPI.swift in Sources */,
			);
			runOnlyForDeploymentPostprocessing = 0;
		};
/* End PBXSourcesBuildPhase section */

/* Begin PBXVariantGroup section */
		AD7C8F8B26EF55380067D012 /* Main.storyboard */ = {
			isa = PBXVariantGroup;
			children = (
				AD7C8F8C26EF55380067D012 /* Base */,
			);
			name = Main.storyboard;
			sourceTree = "<group>";
		};
		AD7C8F9026EF553B0067D012 /* LaunchScreen.storyboard */ = {
			isa = PBXVariantGroup;
			children = (
				AD7C8F9126EF553B0067D012 /* Base */,
			);
			name = LaunchScreen.storyboard;
			sourceTree = "<group>";
		};
/* End PBXVariantGroup section */

/* Begin XCBuildConfiguration section */
		AD7C8F9426EF553B0067D012 /* Debug */ = {
			isa = XCBuildConfiguration;
			buildSettings = {
				ALWAYS_SEARCH_USER_PATHS = NO;
				CLANG_ANALYZER_NONNULL = YES;
				CLANG_ANALYZER_NUMBER_OBJECT_CONVERSION = YES_AGGRESSIVE;
				CLANG_CXX_LANGUAGE_STANDARD = "gnu++14";
				CLANG_CXX_LIBRARY = "libc++";
				CLANG_ENABLE_MODULES = YES;
				CLANG_ENABLE_OBJC_ARC = YES;
				CLANG_ENABLE_OBJC_WEAK = YES;
				CLANG_WARN_BLOCK_CAPTURE_AUTORELEASING = YES;
				CLANG_WARN_BOOL_CONVERSION = YES;
				CLANG_WARN_COMMA = YES;
				CLANG_WARN_CONSTANT_CONVERSION = YES;
				CLANG_WARN_DEPRECATED_OBJC_IMPLEMENTATIONS = YES;
				CLANG_WARN_DIRECT_OBJC_ISA_USAGE = YES_ERROR;
				CLANG_WARN_DOCUMENTATION_COMMENTS = YES;
				CLANG_WARN_EMPTY_BODY = YES;
				CLANG_WARN_ENUM_CONVERSION = YES;
				CLANG_WARN_INFINITE_RECURSION = YES;
				CLANG_WARN_INT_CONVERSION = YES;
				CLANG_WARN_NON_LITERAL_NULL_CONVERSION = YES;
				CLANG_WARN_OBJC_IMPLICIT_RETAIN_SELF = YES;
				CLANG_WARN_OBJC_LITERAL_CONVERSION = YES;
				CLANG_WARN_OBJC_ROOT_CLASS = YES_ERROR;
				CLANG_WARN_QUOTED_INCLUDE_IN_FRAMEWORK_HEADER = YES;
				CLANG_WARN_RANGE_LOOP_ANALYSIS = YES;
				CLANG_WARN_STRICT_PROTOTYPES = YES;
				CLANG_WARN_SUSPICIOUS_MOVE = YES;
				CLANG_WARN_UNGUARDED_AVAILABILITY = YES_AGGRESSIVE;
				CLANG_WARN_UNREACHABLE_CODE = YES;
				CLANG_WARN__DUPLICATE_METHOD_MATCH = YES;
				COPY_PHASE_STRIP = NO;
				DEBUG_INFORMATION_FORMAT = dwarf;
				ENABLE_STRICT_OBJC_MSGSEND = YES;
				ENABLE_TESTABILITY = YES;
				GCC_C_LANGUAGE_STANDARD = gnu11;
				GCC_DYNAMIC_NO_PIC = NO;
				GCC_NO_COMMON_BLOCKS = YES;
				GCC_OPTIMIZATION_LEVEL = 0;
				GCC_PREPROCESSOR_DEFINITIONS = (
					"DEBUG=1",
					"$(inherited)",
				);
				GCC_WARN_64_TO_32_BIT_CONVERSION = YES;
				GCC_WARN_ABOUT_RETURN_TYPE = YES_ERROR;
				GCC_WARN_UNDECLARED_SELECTOR = YES;
				GCC_WARN_UNINITIALIZED_AUTOS = YES_AGGRESSIVE;
				GCC_WARN_UNUSED_FUNCTION = YES;
				GCC_WARN_UNUSED_VARIABLE = YES;
				IPHONEOS_DEPLOYMENT_TARGET = 14.5;
				MTL_ENABLE_DEBUG_INFO = INCLUDE_SOURCE;
				MTL_FAST_MATH = YES;
				ONLY_ACTIVE_ARCH = YES;
				SDKROOT = iphoneos;
				SWIFT_ACTIVE_COMPILATION_CONDITIONS = DEBUG;
				SWIFT_OPTIMIZATION_LEVEL = "-Onone";
			};
			name = Debug;
		};
		AD7C8F9526EF553B0067D012 /* Release */ = {
			isa = XCBuildConfiguration;
			buildSettings = {
				ALWAYS_SEARCH_USER_PATHS = NO;
				CLANG_ANALYZER_NONNULL = YES;
				CLANG_ANALYZER_NUMBER_OBJECT_CONVERSION = YES_AGGRESSIVE;
				CLANG_CXX_LANGUAGE_STANDARD = "gnu++14";
				CLANG_CXX_LIBRARY = "libc++";
				CLANG_ENABLE_MODULES = YES;
				CLANG_ENABLE_OBJC_ARC = YES;
				CLANG_ENABLE_OBJC_WEAK = YES;
				CLANG_WARN_BLOCK_CAPTURE_AUTORELEASING = YES;
				CLANG_WARN_BOOL_CONVERSION = YES;
				CLANG_WARN_COMMA = YES;
				CLANG_WARN_CONSTANT_CONVERSION = YES;
				CLANG_WARN_DEPRECATED_OBJC_IMPLEMENTATIONS = YES;
				CLANG_WARN_DIRECT_OBJC_ISA_USAGE = YES_ERROR;
				CLANG_WARN_DOCUMENTATION_COMMENTS = YES;
				CLANG_WARN_EMPTY_BODY = YES;
				CLANG_WARN_ENUM_CONVERSION = YES;
				CLANG_WARN_INFINITE_RECURSION = YES;
				CLANG_WARN_INT_CONVERSION = YES;
				CLANG_WARN_NON_LITERAL_NULL_CONVERSION = YES;
				CLANG_WARN_OBJC_IMPLICIT_RETAIN_SELF = YES;
				CLANG_WARN_OBJC_LITERAL_CONVERSION = YES;
				CLANG_WARN_OBJC_ROOT_CLASS = YES_ERROR;
				CLANG_WARN_QUOTED_INCLUDE_IN_FRAMEWORK_HEADER = YES;
				CLANG_WARN_RANGE_LOOP_ANALYSIS = YES;
				CLANG_WARN_STRICT_PROTOTYPES = YES;
				CLANG_WARN_SUSPICIOUS_MOVE = YES;
				CLANG_WARN_UNGUARDED_AVAILABILITY = YES_AGGRESSIVE;
				CLANG_WARN_UNREACHABLE_CODE = YES;
				CLANG_WARN__DUPLICATE_METHOD_MATCH = YES;
				COPY_PHASE_STRIP = NO;
				DEBUG_INFORMATION_FORMAT = "dwarf-with-dsym";
				ENABLE_NS_ASSERTIONS = NO;
				ENABLE_STRICT_OBJC_MSGSEND = YES;
				GCC_C_LANGUAGE_STANDARD = gnu11;
				GCC_NO_COMMON_BLOCKS = YES;
				GCC_WARN_64_TO_32_BIT_CONVERSION = YES;
				GCC_WARN_ABOUT_RETURN_TYPE = YES_ERROR;
				GCC_WARN_UNDECLARED_SELECTOR = YES;
				GCC_WARN_UNINITIALIZED_AUTOS = YES_AGGRESSIVE;
				GCC_WARN_UNUSED_FUNCTION = YES;
				GCC_WARN_UNUSED_VARIABLE = YES;
				IPHONEOS_DEPLOYMENT_TARGET = 14.5;
				MTL_ENABLE_DEBUG_INFO = NO;
				MTL_FAST_MATH = YES;
				SDKROOT = iphoneos;
				SWIFT_COMPILATION_MODE = wholemodule;
				SWIFT_OPTIMIZATION_LEVEL = "-O";
				VALIDATE_PRODUCT = YES;
			};
			name = Release;
		};
		AD7C8F9726EF553B0067D012 /* Debug */ = {
			isa = XCBuildConfiguration;
			buildSettings = {
				ASSETCATALOG_COMPILER_APPICON_NAME = AppIcon;
				ASSETCATALOG_COMPILER_GLOBAL_ACCENT_COLOR_NAME = AccentColor;
				CODE_SIGN_STYLE = Automatic;
				INFOPLIST_FILE = 2l_SidorenkovaLiza/Info.plist;
				LD_RUNPATH_SEARCH_PATHS = (
					"$(inherited)",
					"@executable_path/Frameworks",
				);
				PRODUCT_BUNDLE_IDENTIFIER = "IOS-DEV.-l-SidorenkovaLiza";
				PRODUCT_NAME = "$(TARGET_NAME)";
				SWIFT_VERSION = 5.0;
				TARGETED_DEVICE_FAMILY = "1,2";
			};
			name = Debug;
		};
		AD7C8F9826EF553B0067D012 /* Release */ = {
			isa = XCBuildConfiguration;
			buildSettings = {
				ASSETCATALOG_COMPILER_APPICON_NAME = AppIcon;
				ASSETCATALOG_COMPILER_GLOBAL_ACCENT_COLOR_NAME = AccentColor;
				CODE_SIGN_STYLE = Automatic;
				INFOPLIST_FILE = 2l_SidorenkovaLiza/Info.plist;
				LD_RUNPATH_SEARCH_PATHS = (
					"$(inherited)",
					"@executable_path/Frameworks",
				);
				PRODUCT_BUNDLE_IDENTIFIER = "IOS-DEV.-l-SidorenkovaLiza";
				PRODUCT_NAME = "$(TARGET_NAME)";
				SWIFT_VERSION = 5.0;
				TARGETED_DEVICE_FAMILY = "1,2";
			};
			name = Release;
		};
/* End XCBuildConfiguration section */

/* Begin XCConfigurationList section */
		AD7C8F7D26EF55380067D012 /* Build configuration list for PBXProject "2l_SidorenkovaLiza" */ = {
			isa = XCConfigurationList;
			buildConfigurations = (
				AD7C8F9426EF553B0067D012 /* Debug */,
				AD7C8F9526EF553B0067D012 /* Release */,
			);
			defaultConfigurationIsVisible = 0;
			defaultConfigurationName = Release;
		};
		AD7C8F9626EF553B0067D012 /* Build configuration list for PBXNativeTarget "2l_SidorenkovaLiza" */ = {
			isa = XCConfigurationList;
			buildConfigurations = (
				AD7C8F9726EF553B0067D012 /* Debug */,
				AD7C8F9826EF553B0067D012 /* Release */,
			);
			defaultConfigurationIsVisible = 0;
			defaultConfigurationName = Release;
		};
/* End XCConfigurationList section */

/* Begin XCRemoteSwiftPackageReference section */
		AD0F42292742A4EB0078E088 /* XCRemoteSwiftPackageReference "firebase-ios-sdk" */ = {
			isa = XCRemoteSwiftPackageReference;
			repositoryURL = "https://github.com/firebase/firebase-ios-sdk.git";
			requirement = {
				kind = upToNextMajorVersion;
				minimumVersion = 8.9.1;
			};
		};
		AD22EE412770CA56000F5803 /* XCRemoteSwiftPackageReference "PromiseKit" */ = {
			isa = XCRemoteSwiftPackageReference;
			repositoryURL = "https://github.com/mxcl/PromiseKit.git";
			requirement = {
				kind = upToNextMajorVersion;
				minimumVersion = 6.16.2;
			};
		};
		AD586C76272C09F800B9F9CC /* XCRemoteSwiftPackageReference "realm-cocoa" */ = {
			isa = XCRemoteSwiftPackageReference;
			repositoryURL = "https://github.com/realm/realm-cocoa.git";
			requirement = {
				kind = upToNextMajorVersion;
				minimumVersion = 10.18.0;
			};
		};
		AD8DCCAA2725B3A600431435 /* XCRemoteSwiftPackageReference "Alamofire" */ = {
			isa = XCRemoteSwiftPackageReference;
			repositoryURL = "https://github.com/Alamofire/Alamofire.git";
			requirement = {
				kind = upToNextMajorVersion;
				minimumVersion = 5.4.4;
			};
		};
		ADB293E52746B45300759663 /* XCRemoteSwiftPackageReference "SwiftyJSON" */ = {
			isa = XCRemoteSwiftPackageReference;
			repositoryURL = "https://github.com/SwiftyJSON/SwiftyJSON.git";
			requirement = {
				kind = upToNextMajorVersion;
				minimumVersion = 5.0.1;
			};
		};
/* End XCRemoteSwiftPackageReference section */

/* Begin XCSwiftPackageProductDependency section */
		AD0F422A2742A4EB0078E088 /* FirebaseAuth */ = {
			isa = XCSwiftPackageProductDependency;
			package = AD0F42292742A4EB0078E088 /* XCRemoteSwiftPackageReference "firebase-ios-sdk" */;
			productName = FirebaseAuth;
		};
		AD0F422C2742A4EB0078E088 /* FirebaseDatabase */ = {
			isa = XCSwiftPackageProductDependency;
			package = AD0F42292742A4EB0078E088 /* XCRemoteSwiftPackageReference "firebase-ios-sdk" */;
			productName = FirebaseDatabase;
		};
		AD22EE422770CA56000F5803 /* PromiseKit */ = {
			isa = XCSwiftPackageProductDependency;
			package = AD22EE412770CA56000F5803 /* XCRemoteSwiftPackageReference "PromiseKit" */;
			productName = PromiseKit;
		};
		AD586C77272C09F800B9F9CC /* Realm */ = {
			isa = XCSwiftPackageProductDependency;
			package = AD586C76272C09F800B9F9CC /* XCRemoteSwiftPackageReference "realm-cocoa" */;
			productName = Realm;
		};
		AD586C79272C09F800B9F9CC /* RealmSwift */ = {
			isa = XCSwiftPackageProductDependency;
			package = AD586C76272C09F800B9F9CC /* XCRemoteSwiftPackageReference "realm-cocoa" */;
			productName = RealmSwift;
		};
		AD8DCCAB2725B3A600431435 /* Alamofire */ = {
			isa = XCSwiftPackageProductDependency;
			package = AD8DCCAA2725B3A600431435 /* XCRemoteSwiftPackageReference "Alamofire" */;
			productName = Alamofire;
		};
		ADB293E62746B45300759663 /* SwiftyJSON */ = {
			isa = XCSwiftPackageProductDependency;
			package = ADB293E52746B45300759663 /* XCRemoteSwiftPackageReference "SwiftyJSON" */;
			productName = SwiftyJSON;
		};
/* End XCSwiftPackageProductDependency section */
	};
	rootObject = AD7C8F7A26EF55380067D012 /* Project object */;
}
